
Microsoft Visual Studio Solution File, Format Version 12.00
# Visual Studio Version 16
VisualStudioVersion = 16.0.29025.244
MinimumVisualStudioVersion = 10.0.40219.1
Project("{2150E333-8FDC-42A3-9474-1A3956D46DE8}") = "MaterialService", "MaterialService", "{B2CAAC0D-5C26-4930-9BDA-66E4671CD78D}"
EndProject
Project("{2150E333-8FDC-42A3-9474-1A3956D46DE8}") = "Asset", "Asset", "{495A9199-5BC4-4805-8D27-31D485170BD7}"
EndProject
Project("{2150E333-8FDC-42A3-9474-1A3956D46DE8}") = "Order", "Order", "{A1B3305F-5C68-4B63-88AD-50A8F5160F6F}"
EndProject
Project("{2150E333-8FDC-42A3-9474-1A3956D46DE8}") = "CodeTest", "CodeTest", "{1FADABD8-245C-4E22-9878-931CBBFE5413}"
EndProject
Project("{2150E333-8FDC-42A3-9474-1A3956D46DE8}") = "Main", "Main", "{2E9F41CB-A283-4FFB-883A-4336C6E0C939}"
EndProject
Project("{FAE04EC0-301F-11D3-BF4B-00C04F79EFBC}") = "DeviceAsset", "Asset\DeviceAsset\DeviceAsset.csproj", "{108A2162-2608-44CE-9CD6-6E3FA2E583F3}"
EndProject
Project("{FAE04EC0-301F-11D3-BF4B-00C04F79EFBC}") = "AGVConsoleTest", "CodeTest\AGVConsoleTest\AGVConsoleTest.csproj", "{F317821F-E291-49A9-90DE-4EAB0998756B}"
EndProject
Project("{FAE04EC0-301F-11D3-BF4B-00C04F79EFBC}") = "ConsoleRedis", "CodeTest\ConsoleRedis\ConsoleRedis.csproj", "{3143E6E4-F652-48CB-B4CD-E1814A1AE9FF}"
EndProject
Project("{FAE04EC0-301F-11D3-BF4B-00C04F79EFBC}") = "DeviceAssetTests", "CodeTest\DeviceAssetTests\DeviceAssetTests.csproj", "{65B0CD88-A829-4DD7-A1FB-F005B1CCC0CE}"
EndProject
Project("{FAE04EC0-301F-11D3-BF4B-00C04F79EFBC}") = "ModBusNetModBusTest", "CodeTest\ModBusNetModBusTest\ModBusNetModBusTest.csproj", "{18E400F8-1F81-499E-A565-39488B25D9B9}"
EndProject
Project("{FAE04EC0-301F-11D3-BF4B-00C04F79EFBC}") = "Test", "CodeTest\Test\Test.csproj", "{06F77AA6-BD37-4D03-88F3-34275DA4925B}"
EndProject
Project("{FAE04EC0-301F-11D3-BF4B-00C04F79EFBC}") = "FANUC.Host", "Main\FANUC.Host\FANUC.Host.csproj", "{A564F8CB-68F8-48B5-92DD-70C9267E0363}"
EndProject
Project("{FAE04EC0-301F-11D3-BF4B-00C04F79EFBC}") = "FANUC.Service", "Main\FANUC.Service\FANUC.Service.csproj", "{EE473B19-BD38-4B9D-887A-E90FFE55BD1B}"
EndProject
Project("{FAE04EC0-301F-11D3-BF4B-00C04F79EFBC}") = "WPF.MonitorUI", "Main\WPF.MonitorUI\WPF.MonitorUI.csproj", "{FC58825F-5C74-4979-AD18-4DAA65318313}"
EndProject
Project("{FAE04EC0-301F-11D3-BF4B-00C04F79EFBC}") = "AgvStationClient", "MaterialService\AgvStationClient\AgvStationClient.csproj", "{B6CFADBB-3199-4DBC-B058-AA83C99C0B19}"
EndProject
Project("{FAE04EC0-301F-11D3-BF4B-00C04F79EFBC}") = "RightMaterialService", "MaterialService\RightMaterialService\RightMaterialService.csproj", "{943BEBC8-E05E-417F-9273-FFD1F2E10D31}"
EndProject
Project("{FAE04EC0-301F-11D3-BF4B-00C04F79EFBC}") = "LeftMaterialService", "MaterialService\WareHouse\LeftMaterialService.csproj", "{A86CEBA4-DD92-42C2-96CD-74A0EAC92401}"
EndProject
Project("{FAE04EC0-301F-11D3-BF4B-00C04F79EFBC}") = "WareHouseService", "MaterialService\WareHouseService\WareHouseService.csproj", "{D1C2A203-E904-451D-874A-301F9E1448C9}"
EndProject
Project("{FAE04EC0-301F-11D3-BF4B-00C04F79EFBC}") = "OrderDistribution", "Order\OrderDistribution\OrderDistribution.csproj", "{F67FBB7E-6D6D-4D76-B390-FB4C90A84CAE}"
EndProject
Project("{FAE04EC0-301F-11D3-BF4B-00C04F79EFBC}") = "RightCarryService", "RightCarryService\RightCarryService.csproj", "{2130DCA2-BCDB-4117-AEE7-16ABE1F8D503}"
EndProject
Project("{FAE04EC0-301F-11D3-BF4B-00C04F79EFBC}") = "AgvMissionManager", "AgvMissionManager\AgvMissionManager.csproj", "{546EABBA-C5C6-45D7-9A15-3F289D0A9E68}"
EndProject
Project("{FAE04EC0-301F-11D3-BF4B-00C04F79EFBC}") = "AGV.Web.Service", "Main\AGV.Web.Service\AGV.Web.Service.csproj", "{5BEAFE6A-FBB7-4CEF-A5BC-B933CDF55BE1}"
EndProject
Project("{FAE04EC0-301F-11D3-BF4B-00C04F79EFBC}") = "Agv.Common", "MaterialService\Agv.Common\Agv.Common.csproj", "{0BDBA394-80CE-4FF4-96D3-15123833A493}"
EndProject
Project("{FAE04EC0-301F-11D3-BF4B-00C04F79EFBC}") = "WPF.AgvMissionUI", "WPF.AgvMissionUI\WPF.AgvMissionUI.csproj", "{5C2AF631-581F-42CE-A8CC-E007F1661D90}"
EndProject
Project("{FAE04EC0-301F-11D3-BF4B-00C04F79EFBC}") = "WPF.RightCarryUI", "WPF.RightCarryUI\WPF.RightCarryUI.csproj", "{04EC763B-729E-49F3-BCED-FF7E0800545D}"
EndProject
Global
	GlobalSection(SolutionConfigurationPlatforms) = preSolution
		Debug|Any CPU = Debug|Any CPU
		Release|Any CPU = Release|Any CPU
	EndGlobalSection
	GlobalSection(ProjectConfigurationPlatforms) = postSolution
		{108A2162-2608-44CE-9CD6-6E3FA2E583F3}.Debug|Any CPU.ActiveCfg = Debug|Any CPU
		{108A2162-2608-44CE-9CD6-6E3FA2E583F3}.Debug|Any CPU.Build.0 = Debug|Any CPU
		{108A2162-2608-44CE-9CD6-6E3FA2E583F3}.Release|Any CPU.ActiveCfg = Release|Any CPU
		{108A2162-2608-44CE-9CD6-6E3FA2E583F3}.Release|Any CPU.Build.0 = Release|Any CPU
		{F317821F-E291-49A9-90DE-4EAB0998756B}.Debug|Any CPU.ActiveCfg = Debug|Any CPU
		{F317821F-E291-49A9-90DE-4EAB0998756B}.Debug|Any CPU.Build.0 = Debug|Any CPU
		{F317821F-E291-49A9-90DE-4EAB0998756B}.Release|Any CPU.ActiveCfg = Release|Any CPU
		{F317821F-E291-49A9-90DE-4EAB0998756B}.Release|Any CPU.Build.0 = Release|Any CPU
		{3143E6E4-F652-48CB-B4CD-E1814A1AE9FF}.Debug|Any CPU.ActiveCfg = Debug|Any CPU
		{3143E6E4-F652-48CB-B4CD-E1814A1AE9FF}.Debug|Any CPU.Build.0 = Debug|Any CPU
		{3143E6E4-F652-48CB-B4CD-E1814A1AE9FF}.Release|Any CPU.ActiveCfg = Release|Any CPU
		{3143E6E4-F652-48CB-B4CD-E1814A1AE9FF}.Release|Any CPU.Build.0 = Release|Any CPU
		{65B0CD88-A829-4DD7-A1FB-F005B1CCC0CE}.Debug|Any CPU.ActiveCfg = Debug|Any CPU
		{65B0CD88-A829-4DD7-A1FB-F005B1CCC0CE}.Debug|Any CPU.Build.0 = Debug|Any CPU
		{65B0CD88-A829-4DD7-A1FB-F005B1CCC0CE}.Release|Any CPU.ActiveCfg = Release|Any CPU
		{65B0CD88-A829-4DD7-A1FB-F005B1CCC0CE}.Release|Any CPU.Build.0 = Release|Any CPU
		{18E400F8-1F81-499E-A565-39488B25D9B9}.Debug|Any CPU.ActiveCfg = Debug|Any CPU
		{18E400F8-1F81-499E-A565-39488B25D9B9}.Debug|Any CPU.Build.0 = Debug|Any CPU
		{18E400F8-1F81-499E-A565-39488B25D9B9}.Release|Any CPU.ActiveCfg = Release|Any CPU
		{18E400F8-1F81-499E-A565-39488B25D9B9}.Release|Any CPU.Build.0 = Release|Any CPU
		{06F77AA6-BD37-4D03-88F3-34275DA4925B}.Debug|Any CPU.ActiveCfg = Debug|Any CPU
		{06F77AA6-BD37-4D03-88F3-34275DA4925B}.Debug|Any CPU.Build.0 = Debug|Any CPU
		{06F77AA6-BD37-4D03-88F3-34275DA4925B}.Release|Any CPU.ActiveCfg = Release|Any CPU
		{06F77AA6-BD37-4D03-88F3-34275DA4925B}.Release|Any CPU.Build.0 = Release|Any CPU
		{A564F8CB-68F8-48B5-92DD-70C9267E0363}.Debug|Any CPU.ActiveCfg = Debug|Any CPU
		{A564F8CB-68F8-48B5-92DD-70C9267E0363}.Debug|Any CPU.Build.0 = Debug|Any CPU
		{A564F8CB-68F8-48B5-92DD-70C9267E0363}.Release|Any CPU.ActiveCfg = Release|Any CPU
		{A564F8CB-68F8-48B5-92DD-70C9267E0363}.Release|Any CPU.Build.0 = Release|Any CPU
		{EE473B19-BD38-4B9D-887A-E90FFE55BD1B}.Debug|Any CPU.ActiveCfg = Debug|Any CPU
		{EE473B19-BD38-4B9D-887A-E90FFE55BD1B}.Debug|Any CPU.Build.0 = Debug|Any CPU
		{EE473B19-BD38-4B9D-887A-E90FFE55BD1B}.Release|Any CPU.ActiveCfg = Release|Any CPU
		{EE473B19-BD38-4B9D-887A-E90FFE55BD1B}.Release|Any CPU.Build.0 = Release|Any CPU
		{FC58825F-5C74-4979-AD18-4DAA65318313}.Debug|Any CPU.ActiveCfg = Debug|Any CPU
		{FC58825F-5C74-4979-AD18-4DAA65318313}.Debug|Any CPU.Build.0 = Debug|Any CPU
		{FC58825F-5C74-4979-AD18-4DAA65318313}.Release|Any CPU.ActiveCfg = Release|Any CPU
		{FC58825F-5C74-4979-AD18-4DAA65318313}.Release|Any CPU.Build.0 = Release|Any CPU
		{B6CFADBB-3199-4DBC-B058-AA83C99C0B19}.Debug|Any CPU.ActiveCfg = Debug|Any CPU
		{B6CFADBB-3199-4DBC-B058-AA83C99C0B19}.Debug|Any CPU.Build.0 = Debug|Any CPU
		{B6CFADBB-3199-4DBC-B058-AA83C99C0B19}.Release|Any CPU.ActiveCfg = Release|Any CPU
		{B6CFADBB-3199-4DBC-B058-AA83C99C0B19}.Release|Any CPU.Build.0 = Release|Any CPU
		{943BEBC8-E05E-417F-9273-FFD1F2E10D31}.Debug|Any CPU.ActiveCfg = Debug|Any CPU
		{943BEBC8-E05E-417F-9273-FFD1F2E10D31}.Debug|Any CPU.Build.0 = Debug|Any CPU
		{943BEBC8-E05E-417F-9273-FFD1F2E10D31}.Release|Any CPU.ActiveCfg = Release|Any CPU
		{943BEBC8-E05E-417F-9273-FFD1F2E10D31}.Release|Any CPU.Build.0 = Release|Any CPU
		{A86CEBA4-DD92-42C2-96CD-74A0EAC92401}.Debug|Any CPU.ActiveCfg = Debug|Any CPU
		{A86CEBA4-DD92-42C2-96CD-74A0EAC92401}.Debug|Any CPU.Build.0 = Debug|Any CPU
		{A86CEBA4-DD92-42C2-96CD-74A0EAC92401}.Release|Any CPU.ActiveCfg = Release|Any CPU
		{A86CEBA4-DD92-42C2-96CD-74A0EAC92401}.Release|Any CPU.Build.0 = Release|Any CPU
		{D1C2A203-E904-451D-874A-301F9E1448C9}.Debug|Any CPU.ActiveCfg = Debug|Any CPU
		{D1C2A203-E904-451D-874A-301F9E1448C9}.Debug|Any CPU.Build.0 = Debug|Any CPU
		{D1C2A203-E904-451D-874A-301F9E1448C9}.Release|Any CPU.ActiveCfg = Release|Any CPU
		{D1C2A203-E904-451D-874A-301F9E1448C9}.Release|Any CPU.Build.0 = Release|Any CPU
		{F67FBB7E-6D6D-4D76-B390-FB4C90A84CAE}.Debug|Any CPU.ActiveCfg = Debug|Any CPU
		{F67FBB7E-6D6D-4D76-B390-FB4C90A84CAE}.Debug|Any CPU.Build.0 = Debug|Any CPU
		{F67FBB7E-6D6D-4D76-B390-FB4C90A84CAE}.Release|Any CPU.ActiveCfg = Release|Any CPU
		{F67FBB7E-6D6D-4D76-B390-FB4C90A84CAE}.Release|Any CPU.Build.0 = Release|Any CPU
		{2130DCA2-BCDB-4117-AEE7-16ABE1F8D503}.Debug|Any CPU.ActiveCfg = Debug|Any CPU
		{2130DCA2-BCDB-4117-AEE7-16ABE1F8D503}.Debug|Any CPU.Build.0 = Debug|Any CPU
		{2130DCA2-BCDB-4117-AEE7-16ABE1F8D503}.Release|Any CPU.ActiveCfg = Release|Any CPU
		{2130DCA2-BCDB-4117-AEE7-16ABE1F8D503}.Release|Any CPU.Build.0 = Release|Any CPU
		{546EABBA-C5C6-45D7-9A15-3F289D0A9E68}.Debug|Any CPU.ActiveCfg = Debug|Any CPU
		{546EABBA-C5C6-45D7-9A15-3F289D0A9E68}.Debug|Any CPU.Build.0 = Debug|Any CPU
		{546EABBA-C5C6-45D7-9A15-3F289D0A9E68}.Release|Any CPU.ActiveCfg = Release|Any CPU
		{546EABBA-C5C6-45D7-9A15-3F289D0A9E68}.Release|Any CPU.Build.0 = Release|Any CPU
		{5BEAFE6A-FBB7-4CEF-A5BC-B933CDF55BE1}.Debug|Any CPU.ActiveCfg = Debug|Any CPU
		{5BEAFE6A-FBB7-4CEF-A5BC-B933CDF55BE1}.Debug|Any CPU.Build.0 = Debug|Any CPU
		{5BEAFE6A-FBB7-4CEF-A5BC-B933CDF55BE1}.Release|Any CPU.ActiveCfg = Release|Any CPU
		{5BEAFE6A-FBB7-4CEF-A5BC-B933CDF55BE1}.Release|Any CPU.Build.0 = Release|Any CPU
		{0BDBA394-80CE-4FF4-96D3-15123833A493}.Debug|Any CPU.ActiveCfg = Debug|Any CPU
		{0BDBA394-80CE-4FF4-96D3-15123833A493}.Debug|Any CPU.Build.0 = Debug|Any CPU
		{0BDBA394-80CE-4FF4-96D3-15123833A493}.Release|Any CPU.ActiveCfg = Release|Any CPU
		{0BDBA394-80CE-4FF4-96D3-15123833A493}.Release|Any CPU.Build.0 = Release|Any CPU
		{5C2AF631-581F-42CE-A8CC-E007F1661D90}.Debug|Any CPU.ActiveCfg = Debug|Any CPU
		{5C2AF631-581F-42CE-A8CC-E007F1661D90}.Debug|Any CPU.Build.0 = Debug|Any CPU
		{5C2AF631-581F-42CE-A8CC-E007F1661D90}.Release|Any CPU.ActiveCfg = Release|Any CPU
		{5C2AF631-581F-42CE-A8CC-E007F1661D90}.Release|Any CPU.Build.0 = Release|Any CPU
		{04EC763B-729E-49F3-BCED-FF7E0800545D}.Debug|Any CPU.ActiveCfg = Debug|Any CPU
		{04EC763B-729E-49F3-BCED-FF7E0800545D}.Debug|Any CPU.Build.0 = Debug|Any CPU
		{04EC763B-729E-49F3-BCED-FF7E0800545D}.Release|Any CPU.ActiveCfg = Release|Any CPU
		{04EC763B-729E-49F3-BCED-FF7E0800545D}.Release|Any CPU.Build.0 = Release|Any CPU
	EndGlobalSection
	GlobalSection(SolutionProperties) = preSolution
		HideSolutionNode = FALSE
	EndGlobalSection
	GlobalSection(NestedProjects) = preSolution
		{108A2162-2608-44CE-9CD6-6E3FA2E583F3} = {495A9199-5BC4-4805-8D27-31D485170BD7}
		{F317821F-E291-49A9-90DE-4EAB0998756B} = {1FADABD8-245C-4E22-9878-931CBBFE5413}
		{3143E6E4-F652-48CB-B4CD-E1814A1AE9FF} = {1FADABD8-245C-4E22-9878-931CBBFE5413}
		{65B0CD88-A829-4DD7-A1FB-F005B1CCC0CE} = {1FADABD8-245C-4E22-9878-931CBBFE5413}
		{18E400F8-1F81-499E-A565-39488B25D9B9} = {1FADABD8-245C-4E22-9878-931CBBFE5413}
		{06F77AA6-BD37-4D03-88F3-34275DA4925B} = {1FADABD8-245C-4E22-9878-931CBBFE5413}
		{A564F8CB-68F8-48B5-92DD-70C9267E0363} = {2E9F41CB-A283-4FFB-883A-4336C6E0C939}
		{EE473B19-BD38-4B9D-887A-E90FFE55BD1B} = {2E9F41CB-A283-4FFB-883A-4336C6E0C939}
		{FC58825F-5C74-4979-AD18-4DAA65318313} = {2E9F41CB-A283-4FFB-883A-4336C6E0C939}
		{B6CFADBB-3199-4DBC-B058-AA83C99C0B19} = {B2CAAC0D-5C26-4930-9BDA-66E4671CD78D}
		{943BEBC8-E05E-417F-9273-FFD1F2E10D31} = {B2CAAC0D-5C26-4930-9BDA-66E4671CD78D}
		{A86CEBA4-DD92-42C2-96CD-74A0EAC92401} = {B2CAAC0D-5C26-4930-9BDA-66E4671CD78D}
		{D1C2A203-E904-451D-874A-301F9E1448C9} = {B2CAAC0D-5C26-4930-9BDA-66E4671CD78D}
		{F67FBB7E-6D6D-4D76-B390-FB4C90A84CAE} = {A1B3305F-5C68-4B63-88AD-50A8F5160F6F}
		{2130DCA2-BCDB-4117-AEE7-16ABE1F8D503} = {B2CAAC0D-5C26-4930-9BDA-66E4671CD78D}
		{546EABBA-C5C6-45D7-9A15-3F289D0A9E68} = {B2CAAC0D-5C26-4930-9BDA-66E4671CD78D}
		{5BEAFE6A-FBB7-4CEF-A5BC-B933CDF55BE1} = {2E9F41CB-A283-4FFB-883A-4336C6E0C939}
		{0BDBA394-80CE-4FF4-96D3-15123833A493} = {B2CAAC0D-5C26-4930-9BDA-66E4671CD78D}
		{5C2AF631-581F-42CE-A8CC-E007F1661D90} = {2E9F41CB-A283-4FFB-883A-4336C6E0C939}
		{04EC763B-729E-49F3-BCED-FF7E0800545D} = {2E9F41CB-A283-4FFB-883A-4336C6E0C939}
	EndGlobalSection
	GlobalSection(ExtensibilityGlobals) = postSolution
		SolutionGuid = {45B6882A-9624-4C65-AC8B-669A2C6C0558}
	EndGlobalSection
EndGlobal
