
Microsoft Visual Studio Solution File, Format Version 12.00
# Visual Studio Version 16
VisualStudioVersion = 16.0.29006.145
MinimumVisualStudioVersion = 10.0.40219.1
Project("{FAE04EC0-301F-11D3-BF4B-00C04F79EFBC}") = "WPF.MonitorUI", "WPF.MonitorUI\WPF.MonitorUI.csproj", "{FC58825F-5C74-4979-AD18-4DAA65318313}"
EndProject
Project("{FAE04EC0-301F-11D3-BF4B-00C04F79EFBC}") = "FANUC.Host", "FANUC.Host\FANUC.Host.csproj", "{A564F8CB-68F8-48B5-92DD-70C9267E0363}"
EndProject
Project("{FAE04EC0-301F-11D3-BF4B-00C04F79EFBC}") = "OrderDistribution", "OrderDistribution\OrderDistribution.csproj", "{F67FBB7E-6D6D-4D76-B390-FB4C90A84CAE}"
EndProject
Project("{FAE04EC0-301F-11D3-BF4B-00C04F79EFBC}") = "DeviceAsset", "DeviceAsset\DeviceAsset.csproj", "{108A2162-2608-44CE-9CD6-6E3FA2E583F3}"
EndProject
Project("{FAE04EC0-301F-11D3-BF4B-00C04F79EFBC}") = "ConsoleRedis", "ConsoleRedis\ConsoleRedis.csproj", "{DDCE97F5-C190-43F0-A46A-DE3F6C9C906A}"
EndProject
Project("{FAE04EC0-301F-11D3-BF4B-00C04F79EFBC}") = "ModBusNetModBusTest", "ModBusNetModBusTest\ModBusNetModBusTest.csproj", "{18E400F8-1F81-499E-A565-39488B25D9B9}"
EndProject
Project("{FAE04EC0-301F-11D3-BF4B-00C04F79EFBC}") = "LeftMaterialService", "WareHouse\LeftMaterialService.csproj", "{A86CEBA4-DD92-42C2-96CD-74A0EAC92401}"
EndProject
Project("{FAE04EC0-301F-11D3-BF4B-00C04F79EFBC}") = "Test", "Test\Test.csproj", "{06F77AA6-BD37-4D03-88F3-34275DA4925B}"
EndProject
Project("{FAE04EC0-301F-11D3-BF4B-00C04F79EFBC}") = "WareHouseService", "WareHouseService\WareHouseService.csproj", "{D1C2A203-E904-451D-874A-301F9E1448C9}"
EndProject
Project("{FAE04EC0-301F-11D3-BF4B-00C04F79EFBC}") = "RightMaterialService", "RightMaterialService\RightMaterialService.csproj", "{943BEBC8-E05E-417F-9273-FFD1F2E10D31}"
EndProject
Project("{2150E333-8FDC-42A3-9474-1A3956D46DE8}") = "MaterialService", "MaterialService", "{B2CAAC0D-5C26-4930-9BDA-66E4671CD78D}"
EndProject
Project("{2150E333-8FDC-42A3-9474-1A3956D46DE8}") = "Asset", "Asset", "{495A9199-5BC4-4805-8D27-31D485170BD7}"
EndProject
Project("{2150E333-8FDC-42A3-9474-1A3956D46DE8}") = "Order", "Order", "{A1B3305F-5C68-4B63-88AD-50A8F5160F6F}"
EndProject
Project("{2150E333-8FDC-42A3-9474-1A3956D46DE8}") = "CodeTest", "CodeTest", "{1FADABD8-245C-4E22-9878-931CBBFE5413}"
EndProject
Project("{FAE04EC0-301F-11D3-BF4B-00C04F79EFBC}") = "AgvStationClient", "AgvStationClient\AgvStationClient.csproj", "{B6CFADBB-3199-4DBC-B058-AA83C99C0B19}"
EndProject
Project("{FAE04EC0-301F-11D3-BF4B-00C04F79EFBC}") = "FANUC.Service", "FANUC.Service\FANUC.Service.csproj", "{EE473B19-BD38-4B9D-887A-E90FFE55BD1B}"
EndProject
Project("{FAE04EC0-301F-11D3-BF4B-00C04F79EFBC}") = "DeviceAssetTests", "DeviceAssetTests\DeviceAssetTests.csproj", "{A5CFBD6F-410B-4CC5-B79A-7D344539D1A4}"
EndProject
Global
	GlobalSection(SolutionConfigurationPlatforms) = preSolution
		Debug|Any CPU = Debug|Any CPU
		Release|Any CPU = Release|Any CPU
	EndGlobalSection
	GlobalSection(ProjectConfigurationPlatforms) = postSolution
		{FC58825F-5C74-4979-AD18-4DAA65318313}.Debug|Any CPU.ActiveCfg = Debug|Any CPU
		{FC58825F-5C74-4979-AD18-4DAA65318313}.Debug|Any CPU.Build.0 = Debug|Any CPU
		{FC58825F-5C74-4979-AD18-4DAA65318313}.Release|Any CPU.ActiveCfg = Release|Any CPU
		{FC58825F-5C74-4979-AD18-4DAA65318313}.Release|Any CPU.Build.0 = Release|Any CPU
		{A564F8CB-68F8-48B5-92DD-70C9267E0363}.Debug|Any CPU.ActiveCfg = Debug|Any CPU
		{A564F8CB-68F8-48B5-92DD-70C9267E0363}.Debug|Any CPU.Build.0 = Debug|Any CPU
		{A564F8CB-68F8-48B5-92DD-70C9267E0363}.Release|Any CPU.ActiveCfg = Release|Any CPU
		{A564F8CB-68F8-48B5-92DD-70C9267E0363}.Release|Any CPU.Build.0 = Release|Any CPU
		{F67FBB7E-6D6D-4D76-B390-FB4C90A84CAE}.Debug|Any CPU.ActiveCfg = Debug|Any CPU
		{F67FBB7E-6D6D-4D76-B390-FB4C90A84CAE}.Debug|Any CPU.Build.0 = Debug|Any CPU
		{F67FBB7E-6D6D-4D76-B390-FB4C90A84CAE}.Release|Any CPU.ActiveCfg = Release|Any CPU
		{F67FBB7E-6D6D-4D76-B390-FB4C90A84CAE}.Release|Any CPU.Build.0 = Release|Any CPU
		{108A2162-2608-44CE-9CD6-6E3FA2E583F3}.Debug|Any CPU.ActiveCfg = Debug|Any CPU
		{108A2162-2608-44CE-9CD6-6E3FA2E583F3}.Debug|Any CPU.Build.0 = Debug|Any CPU
		{108A2162-2608-44CE-9CD6-6E3FA2E583F3}.Release|Any CPU.ActiveCfg = Release|Any CPU
		{108A2162-2608-44CE-9CD6-6E3FA2E583F3}.Release|Any CPU.Build.0 = Release|Any CPU
		{DDCE97F5-C190-43F0-A46A-DE3F6C9C906A}.Debug|Any CPU.ActiveCfg = Debug|Any CPU
		{DDCE97F5-C190-43F0-A46A-DE3F6C9C906A}.Debug|Any CPU.Build.0 = Debug|Any CPU
		{DDCE97F5-C190-43F0-A46A-DE3F6C9C906A}.Release|Any CPU.ActiveCfg = Release|Any CPU
		{DDCE97F5-C190-43F0-A46A-DE3F6C9C906A}.Release|Any CPU.Build.0 = Release|Any CPU
		{18E400F8-1F81-499E-A565-39488B25D9B9}.Debug|Any CPU.ActiveCfg = Debug|Any CPU
		{18E400F8-1F81-499E-A565-39488B25D9B9}.Debug|Any CPU.Build.0 = Debug|Any CPU
		{18E400F8-1F81-499E-A565-39488B25D9B9}.Release|Any CPU.ActiveCfg = Release|Any CPU
		{18E400F8-1F81-499E-A565-39488B25D9B9}.Release|Any CPU.Build.0 = Release|Any CPU
		{A86CEBA4-DD92-42C2-96CD-74A0EAC92401}.Debug|Any CPU.ActiveCfg = Debug|Any CPU
		{A86CEBA4-DD92-42C2-96CD-74A0EAC92401}.Debug|Any CPU.Build.0 = Debug|Any CPU
		{A86CEBA4-DD92-42C2-96CD-74A0EAC92401}.Release|Any CPU.ActiveCfg = Release|Any CPU
		{A86CEBA4-DD92-42C2-96CD-74A0EAC92401}.Release|Any CPU.Build.0 = Release|Any CPU
		{06F77AA6-BD37-4D03-88F3-34275DA4925B}.Debug|Any CPU.ActiveCfg = Debug|Any CPU
		{06F77AA6-BD37-4D03-88F3-34275DA4925B}.Debug|Any CPU.Build.0 = Debug|Any CPU
		{06F77AA6-BD37-4D03-88F3-34275DA4925B}.Release|Any CPU.ActiveCfg = Release|Any CPU
		{06F77AA6-BD37-4D03-88F3-34275DA4925B}.Release|Any CPU.Build.0 = Release|Any CPU
		{D1C2A203-E904-451D-874A-301F9E1448C9}.Debug|Any CPU.ActiveCfg = Debug|Any CPU
		{D1C2A203-E904-451D-874A-301F9E1448C9}.Debug|Any CPU.Build.0 = Debug|Any CPU
		{D1C2A203-E904-451D-874A-301F9E1448C9}.Release|Any CPU.ActiveCfg = Release|Any CPU
		{D1C2A203-E904-451D-874A-301F9E1448C9}.Release|Any CPU.Build.0 = Release|Any CPU
		{943BEBC8-E05E-417F-9273-FFD1F2E10D31}.Debug|Any CPU.ActiveCfg = Debug|Any CPU
		{943BEBC8-E05E-417F-9273-FFD1F2E10D31}.Debug|Any CPU.Build.0 = Debug|Any CPU
		{943BEBC8-E05E-417F-9273-FFD1F2E10D31}.Release|Any CPU.ActiveCfg = Release|Any CPU
		{943BEBC8-E05E-417F-9273-FFD1F2E10D31}.Release|Any CPU.Build.0 = Release|Any CPU
		{B6CFADBB-3199-4DBC-B058-AA83C99C0B19}.Debug|Any CPU.ActiveCfg = Debug|Any CPU
		{B6CFADBB-3199-4DBC-B058-AA83C99C0B19}.Debug|Any CPU.Build.0 = Debug|Any CPU
		{B6CFADBB-3199-4DBC-B058-AA83C99C0B19}.Release|Any CPU.ActiveCfg = Release|Any CPU
		{B6CFADBB-3199-4DBC-B058-AA83C99C0B19}.Release|Any CPU.Build.0 = Release|Any CPU
		{EE473B19-BD38-4B9D-887A-E90FFE55BD1B}.Debug|Any CPU.ActiveCfg = Debug|Any CPU
		{EE473B19-BD38-4B9D-887A-E90FFE55BD1B}.Debug|Any CPU.Build.0 = Debug|Any CPU
		{EE473B19-BD38-4B9D-887A-E90FFE55BD1B}.Release|Any CPU.ActiveCfg = Release|Any CPU
		{EE473B19-BD38-4B9D-887A-E90FFE55BD1B}.Release|Any CPU.Build.0 = Release|Any CPU
		{A5CFBD6F-410B-4CC5-B79A-7D344539D1A4}.Debug|Any CPU.ActiveCfg = Debug|Any CPU
		{A5CFBD6F-410B-4CC5-B79A-7D344539D1A4}.Debug|Any CPU.Build.0 = Debug|Any CPU
		{A5CFBD6F-410B-4CC5-B79A-7D344539D1A4}.Release|Any CPU.ActiveCfg = Release|Any CPU
		{A5CFBD6F-410B-4CC5-B79A-7D344539D1A4}.Release|Any CPU.Build.0 = Release|Any CPU
	EndGlobalSection
	GlobalSection(SolutionProperties) = preSolution
		HideSolutionNode = FALSE
	EndGlobalSection
	GlobalSection(NestedProjects) = preSolution
		{F67FBB7E-6D6D-4D76-B390-FB4C90A84CAE} = {A1B3305F-5C68-4B63-88AD-50A8F5160F6F}
		{108A2162-2608-44CE-9CD6-6E3FA2E583F3} = {495A9199-5BC4-4805-8D27-31D485170BD7}
		{18E400F8-1F81-499E-A565-39488B25D9B9} = {1FADABD8-245C-4E22-9878-931CBBFE5413}
		{A86CEBA4-DD92-42C2-96CD-74A0EAC92401} = {B2CAAC0D-5C26-4930-9BDA-66E4671CD78D}
		{06F77AA6-BD37-4D03-88F3-34275DA4925B} = {1FADABD8-245C-4E22-9878-931CBBFE5413}
		{D1C2A203-E904-451D-874A-301F9E1448C9} = {B2CAAC0D-5C26-4930-9BDA-66E4671CD78D}
		{943BEBC8-E05E-417F-9273-FFD1F2E10D31} = {B2CAAC0D-5C26-4930-9BDA-66E4671CD78D}
		{B6CFADBB-3199-4DBC-B058-AA83C99C0B19} = {B2CAAC0D-5C26-4930-9BDA-66E4671CD78D}
	EndGlobalSection
	GlobalSection(ExtensibilityGlobals) = postSolution
		SolutionGuid = {45B6882A-9624-4C65-AC8B-669A2C6C0558}
	EndGlobalSection
EndGlobal
