
Microsoft Visual Studio Solution File, Format Version 12.00
# Visual Studio Version 16
VisualStudioVersion = 16.0.29006.145
MinimumVisualStudioVersion = 10.0.40219.1
Project("{FAE04EC0-301F-11D3-BF4B-00C04F79EFBC}") = "WPF.MonitorUI", "WPF.MonitorUI\WPF.MonitorUI.csproj", "{FC58825F-5C74-4979-AD18-4DAA65318313}"
EndProject
Project("{FAE04EC0-301F-11D3-BF4B-00C04F79EFBC}") = "FANUC.Host", "FANUC.Host\FANUC.Host.csproj", "{A564F8CB-68F8-48B5-92DD-70C9267E0363}"
EndProject
Project("{FAE04EC0-301F-11D3-BF4B-00C04F79EFBC}") = "OrderDistribution", "OrderDistribution\OrderDistribution.csproj", "{F67FBB7E-6D6D-4D76-B390-FB4C90A84CAE}"
EndProject
Project("{FAE04EC0-301F-11D3-BF4B-00C04F79EFBC}") = "DeviceAsset", "DeviceAsset\DeviceAsset.csproj", "{108A2162-2608-44CE-9CD6-6E3FA2E583F3}"
EndProject
Project("{FAE04EC0-301F-11D3-BF4B-00C04F79EFBC}") = "ConsoleRedis", "ConsoleRedis\ConsoleRedis.csproj", "{DDCE97F5-C190-43F0-A46A-DE3F6C9C906A}"
EndProject
Global
	GlobalSection(SolutionConfigurationPlatforms) = preSolution
		Debug|Any CPU = Debug|Any CPU
		Release|Any CPU = Release|Any CPU
	EndGlobalSection
	GlobalSection(ProjectConfigurationPlatforms) = postSolution
		{FC58825F-5C74-4979-AD18-4DAA65318313}.Debug|Any CPU.ActiveCfg = Debug|Any CPU
		{FC58825F-5C74-4979-AD18-4DAA65318313}.Debug|Any CPU.Build.0 = Debug|Any CPU
		{FC58825F-5C74-4979-AD18-4DAA65318313}.Release|Any CPU.ActiveCfg = Release|Any CPU
		{FC58825F-5C74-4979-AD18-4DAA65318313}.Release|Any CPU.Build.0 = Release|Any CPU
		{A564F8CB-68F8-48B5-92DD-70C9267E0363}.Debug|Any CPU.ActiveCfg = Debug|Any CPU
		{A564F8CB-68F8-48B5-92DD-70C9267E0363}.Debug|Any CPU.Build.0 = Debug|Any CPU
		{A564F8CB-68F8-48B5-92DD-70C9267E0363}.Release|Any CPU.ActiveCfg = Release|Any CPU
		{A564F8CB-68F8-48B5-92DD-70C9267E0363}.Release|Any CPU.Build.0 = Release|Any CPU
		{F67FBB7E-6D6D-4D76-B390-FB4C90A84CAE}.Debug|Any CPU.ActiveCfg = Debug|Any CPU
		{F67FBB7E-6D6D-4D76-B390-FB4C90A84CAE}.Debug|Any CPU.Build.0 = Debug|Any CPU
		{F67FBB7E-6D6D-4D76-B390-FB4C90A84CAE}.Release|Any CPU.ActiveCfg = Release|Any CPU
		{F67FBB7E-6D6D-4D76-B390-FB4C90A84CAE}.Release|Any CPU.Build.0 = Release|Any CPU
		{108A2162-2608-44CE-9CD6-6E3FA2E583F3}.Debug|Any CPU.ActiveCfg = Debug|Any CPU
		{108A2162-2608-44CE-9CD6-6E3FA2E583F3}.Debug|Any CPU.Build.0 = Debug|Any CPU
		{108A2162-2608-44CE-9CD6-6E3FA2E583F3}.Release|Any CPU.ActiveCfg = Release|Any CPU
		{108A2162-2608-44CE-9CD6-6E3FA2E583F3}.Release|Any CPU.Build.0 = Release|Any CPU
		{DDCE97F5-C190-43F0-A46A-DE3F6C9C906A}.Debug|Any CPU.ActiveCfg = Debug|Any CPU
		{DDCE97F5-C190-43F0-A46A-DE3F6C9C906A}.Debug|Any CPU.Build.0 = Debug|Any CPU
		{DDCE97F5-C190-43F0-A46A-DE3F6C9C906A}.Release|Any CPU.ActiveCfg = Release|Any CPU
		{DDCE97F5-C190-43F0-A46A-DE3F6C9C906A}.Release|Any CPU.Build.0 = Release|Any CPU
	EndGlobalSection
	GlobalSection(SolutionProperties) = preSolution
		HideSolutionNode = FALSE
	EndGlobalSection
	GlobalSection(ExtensibilityGlobals) = postSolution
		SolutionGuid = {45B6882A-9624-4C65-AC8B-669A2C6C0558}
	EndGlobalSection
EndGlobal
